// !$*UTF8*$!
{
	archiveVersion = 1;
	classes = {
	};
	objectVersion = 48;
	objects = {

/* Begin PBXBuildFile section */
		7F033DE31FBC3C53003C2F60 /* AppDelegate.swift in Sources */ = {isa = PBXBuildFile; fileRef = 7F033DE21FBC3C53003C2F60 /* AppDelegate.swift */; };
		7F033DE51FBC3C53003C2F60 /* ViewController.swift in Sources */ = {isa = PBXBuildFile; fileRef = 7F033DE41FBC3C53003C2F60 /* ViewController.swift */; };
		7F033DE81FBC3C53003C2F60 /* Main.storyboard in Resources */ = {isa = PBXBuildFile; fileRef = 7F033DE61FBC3C53003C2F60 /* Main.storyboard */; };
		7F033DEA1FBC3C53003C2F60 /* Assets.xcassets in Resources */ = {isa = PBXBuildFile; fileRef = 7F033DE91FBC3C53003C2F60 /* Assets.xcassets */; };
		7F033DED1FBC3C53003C2F60 /* LaunchScreen.storyboard in Resources */ = {isa = PBXBuildFile; fileRef = 7F033DEB1FBC3C53003C2F60 /* LaunchScreen.storyboard */; };
		7F033DF81FBC3C53003C2F60 /* ChristmasTests.swift in Sources */ = {isa = PBXBuildFile; fileRef = 7F033DF71FBC3C53003C2F60 /* ChristmasTests.swift */; };
		7F033E031FBC3C53003C2F60 /* ChristmasUITests.swift in Sources */ = {isa = PBXBuildFile; fileRef = 7F033E021FBC3C53003C2F60 /* ChristmasUITests.swift */; };
/* End PBXBuildFile section */

/* Begin PBXContainerItemProxy section */
		7F033DF41FBC3C53003C2F60 /* PBXContainerItemProxy */ = {
			isa = PBXContainerItemProxy;
			containerPortal = 7F033DD71FBC3C53003C2F60 /* Project object */;
			proxyType = 1;
			remoteGlobalIDString = 7F033DDE1FBC3C53003C2F60;
			remoteInfo = Christmas;
		};
		7F033DFF1FBC3C53003C2F60 /* PBXContainerItemProxy */ = {
			isa = PBXContainerItemProxy;
			containerPortal = 7F033DD71FBC3C53003C2F60 /* Project object */;
			proxyType = 1;
			remoteGlobalIDString = 7F033DDE1FBC3C53003C2F60;
			remoteInfo = Christmas;
		};
/* End PBXContainerItemProxy section */

/* Begin PBXFileReference section */
		7F033DDF1FBC3C53003C2F60 /* Christmas.app */ = {isa = PBXFileReference; explicitFileType = wrapper.application; includeInIndex = 0; path = Christmas.app; sourceTree = BUILT_PRODUCTS_DIR; };
		7F033DE21FBC3C53003C2F60 /* AppDelegate.swift */ = {isa = PBXFileReference; lastKnownFileType = sourcecode.swift; path = AppDelegate.swift; sourceTree = "<group>"; };
		7F033DE41FBC3C53003C2F60 /* ViewController.swift */ = {isa = PBXFileReference; lastKnownFileType = sourcecode.swift; path = ViewController.swift; sourceTree = "<group>"; };
		7F033DE71FBC3C53003C2F60 /* Base */ = {isa = PBXFileReference; lastKnownFileType = file.storyboard; name = Base; path = Base.lproj/Main.storyboard; sourceTree = "<group>"; };
		7F033DE91FBC3C53003C2F60 /* Assets.xcassets */ = {isa = PBXFileReference; lastKnownFileType = folder.assetcatalog; path = Assets.xcassets; sourceTree = "<group>"; };
		7F033DEC1FBC3C53003C2F60 /* Base */ = {isa = PBXFileReference; lastKnownFileType = file.storyboard; name = Base; path = Base.lproj/LaunchScreen.storyboard; sourceTree = "<group>"; };
		7F033DEE1FBC3C53003C2F60 /* Info.plist */ = {isa = PBXFileReference; lastKnownFileType = text.plist.xml; path = Info.plist; sourceTree = "<group>"; };
		7F033DF31FBC3C53003C2F60 /* ChristmasTests.xctest */ = {isa = PBXFileReference; explicitFileType = wrapper.cfbundle; includeInIndex = 0; path = ChristmasTests.xctest; sourceTree = BUILT_PRODUCTS_DIR; };
		7F033DF71FBC3C53003C2F60 /* ChristmasTests.swift */ = {isa = PBXFileReference; lastKnownFileType = sourcecode.swift; path = ChristmasTests.swift; sourceTree = "<group>"; };
		7F033DF91FBC3C53003C2F60 /* Info.plist */ = {isa = PBXFileReference; lastKnownFileType = text.plist.xml; path = Info.plist; sourceTree = "<group>"; };
		7F033DFE1FBC3C53003C2F60 /* ChristmasUITests.xctest */ = {isa = PBXFileReference; explicitFileType = wrapper.cfbundle; includeInIndex = 0; path = ChristmasUITests.xctest; sourceTree = BUILT_PRODUCTS_DIR; };
		7F033E021FBC3C53003C2F60 /* ChristmasUITests.swift */ = {isa = PBXFileReference; lastKnownFileType = sourcecode.swift; path = ChristmasUITests.swift; sourceTree = "<group>"; };
		7F033E041FBC3C53003C2F60 /* Info.plist */ = {isa = PBXFileReference; lastKnownFileType = text.plist.xml; path = Info.plist; sourceTree = "<group>"; };
/* End PBXFileReference section */

/* Begin PBXFrameworksBuildPhase section */
		7F033DDC1FBC3C53003C2F60 /* Frameworks */ = {
			isa = PBXFrameworksBuildPhase;
			buildActionMask = 2147483647;
			files = (
			);
			runOnlyForDeploymentPostprocessing = 0;
		};
		7F033DF01FBC3C53003C2F60 /* Frameworks */ = {
			isa = PBXFrameworksBuildPhase;
			buildActionMask = 2147483647;
			files = (
			);
			runOnlyForDeploymentPostprocessing = 0;
		};
		7F033DFB1FBC3C53003C2F60 /* Frameworks */ = {
			isa = PBXFrameworksBuildPhase;
			buildActionMask = 2147483647;
			files = (
			);
			runOnlyForDeploymentPostprocessing = 0;
		};
/* End PBXFrameworksBuildPhase section */

/* Begin PBXGroup section */
		7F033DD61FBC3C53003C2F60 = {
			isa = PBXGroup;
			children = (
				7F033DE11FBC3C53003C2F60 /* Christmas */,
				7F033DF61FBC3C53003C2F60 /* ChristmasTests */,
				7F033E011FBC3C53003C2F60 /* ChristmasUITests */,
				7F033DE01FBC3C53003C2F60 /* Products */,
			);
			sourceTree = "<group>";
		};
		7F033DE01FBC3C53003C2F60 /* Products */ = {
			isa = PBXGroup;
			children = (
				7F033DDF1FBC3C53003C2F60 /* Christmas.app */,
				7F033DF31FBC3C53003C2F60 /* ChristmasTests.xctest */,
				7F033DFE1FBC3C53003C2F60 /* ChristmasUITests.xctest */,
			);
			name = Products;
			sourceTree = "<group>";
		};
		7F033DE11FBC3C53003C2F60 /* Christmas */ = {
			isa = PBXGroup;
			children = (
				7F033DE21FBC3C53003C2F60 /* AppDelegate.swift */,
				7F033DE41FBC3C53003C2F60 /* ViewController.swift */,
				7F033DE61FBC3C53003C2F60 /* Main.storyboard */,
				7F033DE91FBC3C53003C2F60 /* Assets.xcassets */,
				7F033DEB1FBC3C53003C2F60 /* LaunchScreen.storyboard */,
				7F033DEE1FBC3C53003C2F60 /* Info.plist */,
			);
			path = Christmas;
			sourceTree = "<group>";
		};
		7F033DF61FBC3C53003C2F60 /* ChristmasTests */ = {
			isa = PBXGroup;
			children = (
				7F033DF71FBC3C53003C2F60 /* ChristmasTests.swift */,
				7F033DF91FBC3C53003C2F60 /* Info.plist */,
			);
			path = ChristmasTests;
			sourceTree = "<group>";
		};
		7F033E011FBC3C53003C2F60 /* ChristmasUITests */ = {
			isa = PBXGroup;
			children = (
				7F033E021FBC3C53003C2F60 /* ChristmasUITests.swift */,
				7F033E041FBC3C53003C2F60 /* Info.plist */,
			);
			path = ChristmasUITests;
			sourceTree = "<group>";
		};
/* End PBXGroup section */

/* Begin PBXNativeTarget section */
		7F033DDE1FBC3C53003C2F60 /* Christmas */ = {
			isa = PBXNativeTarget;
			buildConfigurationList = 7F033E071FBC3C53003C2F60 /* Build configuration list for PBXNativeTarget "Christmas" */;
			buildPhases = (
				7F033DDB1FBC3C53003C2F60 /* Sources */,
				7F033DDC1FBC3C53003C2F60 /* Frameworks */,
				7F033DDD1FBC3C53003C2F60 /* Resources */,
			);
			buildRules = (
			);
			dependencies = (
			);
			name = Christmas;
			productName = Christmas;
			productReference = 7F033DDF1FBC3C53003C2F60 /* Christmas.app */;
			productType = "com.apple.product-type.application";
		};
		7F033DF21FBC3C53003C2F60 /* ChristmasTests */ = {
			isa = PBXNativeTarget;
			buildConfigurationList = 7F033E0A1FBC3C53003C2F60 /* Build configuration list for PBXNativeTarget "ChristmasTests" */;
			buildPhases = (
				7F033DEF1FBC3C53003C2F60 /* Sources */,
				7F033DF01FBC3C53003C2F60 /* Frameworks */,
				7F033DF11FBC3C53003C2F60 /* Resources */,
			);
			buildRules = (
			);
			dependencies = (
				7F033DF51FBC3C53003C2F60 /* PBXTargetDependency */,
			);
			name = ChristmasTests;
			productName = ChristmasTests;
			productReference = 7F033DF31FBC3C53003C2F60 /* ChristmasTests.xctest */;
			productType = "com.apple.product-type.bundle.unit-test";
		};
		7F033DFD1FBC3C53003C2F60 /* ChristmasUITests */ = {
			isa = PBXNativeTarget;
			buildConfigurationList = 7F033E0D1FBC3C53003C2F60 /* Build configuration list for PBXNativeTarget "ChristmasUITests" */;
			buildPhases = (
				7F033DFA1FBC3C53003C2F60 /* Sources */,
				7F033DFB1FBC3C53003C2F60 /* Frameworks */,
				7F033DFC1FBC3C53003C2F60 /* Resources */,
			);
			buildRules = (
			);
			dependencies = (
				7F033E001FBC3C53003C2F60 /* PBXTargetDependency */,
			);
			name = ChristmasUITests;
			productName = ChristmasUITests;
			productReference = 7F033DFE1FBC3C53003C2F60 /* ChristmasUITests.xctest */;
			productType = "com.apple.product-type.bundle.ui-testing";
		};
/* End PBXNativeTarget section */

/* Begin PBXProject section */
		7F033DD71FBC3C53003C2F60 /* Project object */ = {
			isa = PBXProject;
			attributes = {
				LastSwiftUpdateCheck = 0910;
				LastUpgradeCheck = 0910;
				ORGANIZATIONNAME = "reo harada";
				TargetAttributes = {
					7F033DDE1FBC3C53003C2F60 = {
						CreatedOnToolsVersion = 9.1;
						ProvisioningStyle = Automatic;
					};
					7F033DF21FBC3C53003C2F60 = {
						CreatedOnToolsVersion = 9.1;
						ProvisioningStyle = Automatic;
						TestTargetID = 7F033DDE1FBC3C53003C2F60;
					};
					7F033DFD1FBC3C53003C2F60 = {
						CreatedOnToolsVersion = 9.1;
						ProvisioningStyle = Automatic;
						TestTargetID = 7F033DDE1FBC3C53003C2F60;
					};
				};
			};
			buildConfigurationList = 7F033DDA1FBC3C53003C2F60 /* Build configuration list for PBXProject "Christmas" */;
			compatibilityVersion = "Xcode 8.0";
			developmentRegion = en;
			hasScannedForEncodings = 0;
			knownRegions = (
				en,
				Base,
			);
			mainGroup = 7F033DD61FBC3C53003C2F60;
			productRefGroup = 7F033DE01FBC3C53003C2F60 /* Products */;
			projectDirPath = "";
			projectRoot = "";
			targets = (
				7F033DDE1FBC3C53003C2F60 /* Christmas */,
				7F033DF21FBC3C53003C2F60 /* ChristmasTests */,
				7F033DFD1FBC3C53003C2F60 /* ChristmasUITests */,
			);
		};
/* End PBXProject section */

/* Begin PBXResourcesBuildPhase section */
		7F033DDD1FBC3C53003C2F60 /* Resources */ = {
			isa = PBXResourcesBuildPhase;
			buildActionMask = 2147483647;
			files = (
				7F033DED1FBC3C53003C2F60 /* LaunchScreen.storyboard in Resources */,
				7F033DEA1FBC3C53003C2F60 /* Assets.xcassets in Resources */,
				7F033DE81FBC3C53003C2F60 /* Main.storyboard in Resources */,
			);
			runOnlyForDeploymentPostprocessing = 0;
		};
		7F033DF11FBC3C53003C2F60 /* Resources */ = {
			isa = PBXResourcesBuildPhase;
			buildActionMask = 2147483647;
			files = (
			);
			runOnlyForDeploymentPostprocessing = 0;
		};
		7F033DFC1FBC3C53003C2F60 /* Resources */ = {
			isa = PBXResourcesBuildPhase;
			buildActionMask = 2147483647;
			files = (
			);
			runOnlyForDeploymentPostprocessing = 0;
		};
/* End PBXResourcesBuildPhase section */

/* Begin PBXSourcesBuildPhase section */
		7F033DDB1FBC3C53003C2F60 /* Sources */ = {
			isa = PBXSourcesBuildPhase;
			buildActionMask = 2147483647;
			files = (
				7F033DE51FBC3C53003C2F60 /* ViewController.swift in Sources */,
				7F033DE31FBC3C53003C2F60 /* AppDelegate.swift in Sources */,
			);
			runOnlyForDeploymentPostprocessing = 0;
		};
		7F033DEF1FBC3C53003C2F60 /* Sources */ = {
			isa = PBXSourcesBuildPhase;
			buildActionMask = 2147483647;
			files = (
				7F033DF81FBC3C53003C2F60 /* ChristmasTests.swift in Sources */,
			);
			runOnlyForDeploymentPostprocessing = 0;
		};
		7F033DFA1FBC3C53003C2F60 /* Sources */ = {
			isa = PBXSourcesBuildPhase;
			buildActionMask = 2147483647;
			files = (
				7F033E031FBC3C53003C2F60 /* ChristmasUITests.swift in Sources */,
			);
			runOnlyForDeploymentPostprocessing = 0;
		};
/* End PBXSourcesBuildPhase section */

/* Begin PBXTargetDependency section */
		7F033DF51FBC3C53003C2F60 /* PBXTargetDependency */ = {
			isa = PBXTargetDependency;
			target = 7F033DDE1FBC3C53003C2F60 /* Christmas */;
			targetProxy = 7F033DF41FBC3C53003C2F60 /* PBXContainerItemProxy */;
		};
		7F033E001FBC3C53003C2F60 /* PBXTargetDependency */ = {
			isa = PBXTargetDependency;
			target = 7F033DDE1FBC3C53003C2F60 /* Christmas */;
			targetProxy = 7F033DFF1FBC3C53003C2F60 /* PBXContainerItemProxy */;
		};
/* End PBXTargetDependency section */

/* Begin PBXVariantGroup section */
		7F033DE61FBC3C53003C2F60 /* Main.storyboard */ = {
			isa = PBXVariantGroup;
			children = (
				7F033DE71FBC3C53003C2F60 /* Base */,
			);
			name = Main.storyboard;
			sourceTree = "<group>";
		};
		7F033DEB1FBC3C53003C2F60 /* LaunchScreen.storyboard */ = {
			isa = PBXVariantGroup;
			children = (
				7F033DEC1FBC3C53003C2F60 /* Base */,
			);
			name = LaunchScreen.storyboard;
			sourceTree = "<group>";
		};
/* End PBXVariantGroup section */

/* Begin XCBuildConfiguration section */
		7F033E051FBC3C53003C2F60 /* Debug */ = {
			isa = XCBuildConfiguration;
			buildSettings = {
				ALWAYS_SEARCH_USER_PATHS = NO;
				CLANG_ANALYZER_NONNULL = YES;
				CLANG_ANALYZER_NUMBER_OBJECT_CONVERSION = YES_AGGRESSIVE;
				CLANG_CXX_LANGUAGE_STANDARD = "gnu++14";
				CLANG_CXX_LIBRARY = "libc++";
				CLANG_ENABLE_MODULES = YES;
				CLANG_ENABLE_OBJC_ARC = YES;
				CLANG_WARN_BLOCK_CAPTURE_AUTORELEASING = YES;
				CLANG_WARN_BOOL_CONVERSION = YES;
				CLANG_WARN_COMMA = YES;
				CLANG_WARN_CONSTANT_CONVERSION = YES;
				CLANG_WARN_DIRECT_OBJC_ISA_USAGE = YES_ERROR;
				CLANG_WARN_DOCUMENTATION_COMMENTS = YES;
				CLANG_WARN_EMPTY_BODY = YES;
				CLANG_WARN_ENUM_CONVERSION = YES;
				CLANG_WARN_INFINITE_RECURSION = YES;
				CLANG_WARN_INT_CONVERSION = YES;
				CLANG_WARN_NON_LITERAL_NULL_CONVERSION = YES;
				CLANG_WARN_OBJC_LITERAL_CONVERSION = YES;
				CLANG_WARN_OBJC_ROOT_CLASS = YES_ERROR;
				CLANG_WARN_RANGE_LOOP_ANALYSIS = YES;
				CLANG_WARN_STRICT_PROTOTYPES = YES;
				CLANG_WARN_SUSPICIOUS_MOVE = YES;
				CLANG_WARN_UNGUARDED_AVAILABILITY = YES_AGGRESSIVE;
				CLANG_WARN_UNREACHABLE_CODE = YES;
				CLANG_WARN__DUPLICATE_METHOD_MATCH = YES;
				CODE_SIGN_IDENTITY = "iPhone Developer";
				COPY_PHASE_STRIP = NO;
				DEBUG_INFORMATION_FORMAT = dwarf;
				ENABLE_STRICT_OBJC_MSGSEND = YES;
				ENABLE_TESTABILITY = YES;
				GCC_C_LANGUAGE_STANDARD = gnu11;
				GCC_DYNAMIC_NO_PIC = NO;
				GCC_NO_COMMON_BLOCKS = YES;
				GCC_OPTIMIZATION_LEVEL = 0;
				GCC_PREPROCESSOR_DEFINITIONS = (
					"DEBUG=1",
					"$(inherited)",
				);
				GCC_WARN_64_TO_32_BIT_CONVERSION = YES;
				GCC_WARN_ABOUT_RETURN_TYPE = YES_ERROR;
				GCC_WARN_UNDECLARED_SELECTOR = YES;
				GCC_WARN_UNINITIALIZED_AUTOS = YES_AGGRESSIVE;
				GCC_WARN_UNUSED_FUNCTION = YES;
				GCC_WARN_UNUSED_VARIABLE = YES;
				IPHONEOS_DEPLOYMENT_TARGET = 11.1;
				MTL_ENABLE_DEBUG_INFO = YES;
				ONLY_ACTIVE_ARCH = YES;
				SDKROOT = iphoneos;
				SWIFT_ACTIVE_COMPILATION_CONDITIONS = DEBUG;
				SWIFT_OPTIMIZATION_LEVEL = "-Onone";
			};
			name = Debug;
		};
		7F033E061FBC3C53003C2F60 /* Release */ = {
			isa = XCBuildConfiguration;
			buildSettings = {
				ALWAYS_SEARCH_USER_PATHS = NO;
				CLANG_ANALYZER_NONNULL = YES;
				CLANG_ANALYZER_NUMBER_OBJECT_CONVERSION = YES_AGGRESSIVE;
				CLANG_CXX_LANGUAGE_STANDARD = "gnu++14";
				CLANG_CXX_LIBRARY = "libc++";
				CLANG_ENABLE_MODULES = YES;
				CLANG_ENABLE_OBJC_ARC = YES;
				CLANG_WARN_BLOCK_CAPTURE_AUTORELEASING = YES;
				CLANG_WARN_BOOL_CONVERSION = YES;
				CLANG_WARN_COMMA = YES;
				CLANG_WARN_CONSTANT_CONVERSION = YES;
				CLANG_WARN_DIRECT_OBJC_ISA_USAGE = YES_ERROR;
				CLANG_WARN_DOCUMENTATION_COMMENTS = YES;
				CLANG_WARN_EMPTY_BODY = YES;
				CLANG_WARN_ENUM_CONVERSION = YES;
				CLANG_WARN_INFINITE_RECURSION = YES;
				CLANG_WARN_INT_CONVERSION = YES;
				CLANG_WARN_NON_LITERAL_NULL_CONVERSION = YES;
				CLANG_WARN_OBJC_LITERAL_CONVERSION = YES;
				CLANG_WARN_OBJC_ROOT_CLASS = YES_ERROR;
				CLANG_WARN_RANGE_LOOP_ANALYSIS = YES;
				CLANG_WARN_STRICT_PROTOTYPES = YES;
				CLANG_WARN_SUSPICIOUS_MOVE = YES;
				CLANG_WARN_UNGUARDED_AVAILABILITY = YES_AGGRESSIVE;
				CLANG_WARN_UNREACHABLE_CODE = YES;
				CLANG_WARN__DUPLICATE_METHOD_MATCH = YES;
				CODE_SIGN_IDENTITY = "iPhone Developer";
				COPY_PHASE_STRIP = NO;
				DEBUG_INFORMATION_FORMAT = "dwarf-with-dsym";
				ENABLE_NS_ASSERTIONS = NO;
				ENABLE_STRICT_OBJC_MSGSEND = YES;
				GCC_C_LANGUAGE_STANDARD = gnu11;
				GCC_NO_COMMON_BLOCKS = YES;
				GCC_WARN_64_TO_32_BIT_CONVERSION = YES;
				GCC_WARN_ABOUT_RETURN_TYPE = YES_ERROR;
				GCC_WARN_UNDECLARED_SELECTOR = YES;
				GCC_WARN_UNINITIALIZED_AUTOS = YES_AGGRESSIVE;
				GCC_WARN_UNUSED_FUNCTION = YES;
				GCC_WARN_UNUSED_VARIABLE = YES;
				IPHONEOS_DEPLOYMENT_TARGET = 11.1;
				MTL_ENABLE_DEBUG_INFO = NO;
				SDKROOT = iphoneos;
				SWIFT_OPTIMIZATION_LEVEL = "-Owholemodule";
				VALIDATE_PRODUCT = YES;
			};
			name = Release;
		};
		7F033E081FBC3C53003C2F60 /* Debug */ = {
			isa = XCBuildConfiguration;
			buildSettings = {
				ASSETCATALOG_COMPILER_APPICON_NAME = AppIcon;
				CODE_SIGN_STYLE = Automatic;
				INFOPLIST_FILE = Christmas/Info.plist;
				LD_RUNPATH_SEARCH_PATHS = "$(inherited) @executable_path/Frameworks";
				PRODUCT_BUNDLE_IDENTIFIER = AppAcademia.Christmas;
				PRODUCT_NAME = "$(TARGET_NAME)";
				SWIFT_VERSION = 4.0;
				TARGETED_DEVICE_FAMILY = "1,2";
			};
			name = Debug;
		};
		7F033E091FBC3C53003C2F60 /* Release */ = {
			isa = XCBuildConfiguration;
			buildSettings = {
				ASSETCATALOG_COMPILER_APPICON_NAME = AppIcon;
				CODE_SIGN_STYLE = Automatic;
				INFOPLIST_FILE = Christmas/Info.plist;
				LD_RUNPATH_SEARCH_PATHS = "$(inherited) @executable_path/Frameworks";
				PRODUCT_BUNDLE_IDENTIFIER = AppAcademia.Christmas;
				PRODUCT_NAME = "$(TARGET_NAME)";
				SWIFT_VERSION = 4.0;
				TARGETED_DEVICE_FAMILY = "1,2";
			};
			name = Release;
		};
		7F033E0B1FBC3C53003C2F60 /* Debug */ = {
			isa = XCBuildConfiguration;
			buildSettings = {
				ALWAYS_EMBED_SWIFT_STANDARD_LIBRARIES = YES;
				BUNDLE_LOADER = "$(TEST_HOST)";
				CODE_SIGN_STYLE = Automatic;
				INFOPLIST_FILE = ChristmasTests/Info.plist;
				LD_RUNPATH_SEARCH_PATHS = "$(inherited) @executable_path/Frameworks @loader_path/Frameworks";
				PRODUCT_BUNDLE_IDENTIFIER = AppAcademia.ChristmasTests;
				PRODUCT_NAME = "$(TARGET_NAME)";
				SWIFT_VERSION = 4.0;
				TARGETED_DEVICE_FAMILY = "1,2";
				TEST_HOST = "$(BUILT_PRODUCTS_DIR)/Christmas.app/Christmas";
			};
			name = Debug;
		};
		7F033E0C1FBC3C53003C2F60 /* Release */ = {
			isa = XCBuildConfiguration;
			buildSettings = {
				ALWAYS_EMBED_SWIFT_STANDARD_LIBRARIES = YES;
				BUNDLE_LOADER = "$(TEST_HOST)";
				CODE_SIGN_STYLE = Automatic;
				INFOPLIST_FILE = ChristmasTests/Info.plist;
				LD_RUNPATH_SEARCH_PATHS = "$(inherited) @executable_path/Frameworks @loader_path/Frameworks";
				PRODUCT_BUNDLE_IDENTIFIER = AppAcademia.ChristmasTests;
				PRODUCT_NAME = "$(TARGET_NAME)";
				SWIFT_VERSION = 4.0;
				TARGETED_DEVICE_FAMILY = "1,2";
				TEST_HOST = "$(BUILT_PRODUCTS_DIR)/Christmas.app/Christmas";
			};
			name = Release;
		};
		7F033E0E1FBC3C53003C2F60 /* Debug */ = {
			isa = XCBuildConfiguration;
			buildSettings = {
				ALWAYS_EMBED_SWIFT_STANDARD_LIBRARIES = YES;
				CODE_SIGN_STYLE = Automatic;
				INFOPLIST_FILE = ChristmasUITests/Info.plist;
				LD_RUNPATH_SEARCH_PATHS = "$(inherited) @executable_path/Frameworks @loader_path/Frameworks";
				PRODUCT_BUNDLE_IDENTIFIER = AppAcademia.ChristmasUITests;
				PRODUCT_NAME = "$(TARGET_NAME)";
				SWIFT_VERSION = 4.0;
				TARGETED_DEVICE_FAMILY = "1,2";
				TEST_TARGET_NAME = Christmas;
			};
			name = Debug;
		};
		7F033E0F1FBC3C53003C2F60 /* Release */ = {
			isa = XCBuildConfiguration;
			buildSettings = {
				ALWAYS_EMBED_SWIFT_STANDARD_LIBRARIES = YES;
				CODE_SIGN_STYLE = Automatic;
				INFOPLIST_FILE = ChristmasUITests/Info.plist;
				LD_RUNPATH_SEARCH_PATHS = "$(inherited) @executable_path/Frameworks @loader_path/Frameworks";
				PRODUCT_BUNDLE_IDENTIFIER = AppAcademia.ChristmasUITests;
				PRODUCT_NAME = "$(TARGET_NAME)";
				SWIFT_VERSION = 4.0;
				TARGETED_DEVICE_FAMILY = "1,2";
				TEST_TARGET_NAME = Christmas;
			};
			name = Release;
		};
/* End XCBuildConfiguration section */

/* Begin XCConfigurationList section */
		7F033DDA1FBC3C53003C2F60 /* Build configuration list for PBXProject "Christmas" */ = {
			isa = XCConfigurationList;
			buildConfigurations = (
				7F033E051FBC3C53003C2F60 /* Debug */,
				7F033E061FBC3C53003C2F60 /* Release */,
			);
			defaultConfigurationIsVisible = 0;
			defaultConfigurationName = Release;
		};
		7F033E071FBC3C53003C2F60 /* Build configuration list for PBXNativeTarget "Christmas" */ = {
			isa = XCConfigurationList;
			buildConfigurations = (
				7F033E081FBC3C53003C2F60 /* Debug */,
				7F033E091FBC3C53003C2F60 /* Release */,
			);
			defaultConfigurationIsVisible = 0;
			defaultConfigurationName = Release;
		};
		7F033E0A1FBC3C53003C2F60 /* Build configuration list for PBXNativeTarget "ChristmasTests" */ = {
			isa = XCConfigurationList;
			buildConfigurations = (
				7F033E0B1FBC3C53003C2F60 /* Debug */,
				7F033E0C1FBC3C53003C2F60 /* Release */,
			);
			defaultConfigurationIsVisible = 0;
			defaultConfigurationName = Release;
		};
		7F033E0D1FBC3C53003C2F60 /* Build configuration list for PBXNativeTarget "ChristmasUITests" */ = {
			isa = XCConfigurationList;
			buildConfigurations = (
				7F033E0E1FBC3C53003C2F60 /* Debug */,
				7F033E0F1FBC3C53003C2F60 /* Release */,
			);
			defaultConfigurationIsVisible = 0;
			defaultConfigurationName = Release;
		};
/* End XCConfigurationList section */
	};
	rootObject = 7F033DD71FBC3C53003C2F60 /* Project object */;
}
